#MicroXplorer Configuration settings - do not modify
Mcu.Family=STM32F0
ProjectManager.MainLocation=Src
RCC.MCOFreq_Value=40000000
PA6.Mode=Full_Duplex_Master
RCC.USART1Freq_Value=40000000
RTC.Alarm=RTC_ALARM_A
ProjectManager.KeepUserCode=true
Mcu.UserName=STM32F051K6Ux
SPI1.VirtualType=VM_MASTER
SH.GPXTI9.0=GPIO_EXTI9
USART1.BaudRate=9600
RCC.PLLCLKFreq_Value=40000000
PA12.GPIOParameters=GPIO_Label
ProjectManager.functionlistsort=1-MX_GPIO_Init-GPIO-false-HAL-true,2-MX_RTC_Init-RTC-false-HAL-true,3-MX_SPI1_Init-SPI1-false-HAL-true,4-MX_TIM3_Init-TIM3-false-HAL-true,5-SystemClock_Config-RCC-false-HAL-true,6-MX_COMP1_Init-COMP1-false-HAL-true,7-MX_COMP2_Init-COMP2-false-HAL-true,8-MX_USART1_UART_Init-USART1-false-HAL-true
PA9.GPIOParameters=GPIO_Label
PA11.GPIOParameters=GPIO_Label
VP_RTC_VS_RTC_Activate.Mode=RTC_Enabled
PB0.GPIO_Label=Button
VP_RTC_VS_RTC_Calendar.Signal=RTC_VS_RTC_Calendar
NVIC.SVC_IRQn=true\:0\:0\:false\:false\:false\:true\:false
USART1.IPParameters=VirtualMode-Asynchronous,BaudRate
PinOutPanel.RotationAngle=0
VP_RTC_VS_RTC_Alarm_A_Intern.Mode=Alarm A
RCC.SYSCLKSource=RCC_SYSCLKSOURCE_PLLCLK
ProjectManager.StackSize=0x400
PB5.GPIOParameters=GPIO_Label
NVIC.RTC_IRQn=true\:0\:0\:false\:false\:true\:true\:true
Mcu.IP4=RTC
RCC.FCLKCortexFreq_Value=40000000
Mcu.IP5=SPI1
Mcu.IP2=NVIC
Mcu.IP3=RCC
Mcu.IP0=COMP1
PA15.GPIO_Label=CS
PA12.Locked=true
Mcu.IP1=COMP2
PA12.Signal=GPIO_Output
Mcu.UserConstants=
Mcu.ThirdPartyNb=0
SPI1.Direction=SPI_DIRECTION_2LINES
RCC.HCLKFreq_Value=40000000
Mcu.IPNb=9
ProjectManager.PreviousToolchain=
PB6.Signal=USART1_TX
PB6.Mode=Asynchronous
RTC.IPParameters=Seconds_A,AlarmMask,Alarm
SPI1.CalculateBaudRate=2.5 MBits/s
Mcu.Pin6=PA4
Mcu.Pin7=PA5
Mcu.Pin8=PA6
Mcu.Pin9=PA7
RCC.AHBFreq_Value=40000000
Mcu.Pin0=PF0-OSC_IN
Mcu.Pin1=PF1-OSC_OUT
TIM3.Channel-PWM\ Generation1\ CH1=TIM_CHANNEL_1
Mcu.Pin2=PA0
Mcu.Pin3=PA1
Mcu.Pin4=PA2
Mcu.Pin5=PA3
ProjectManager.ProjectBuild=false
PA0.Locked=true
PA4.GPIO_PuPd=GPIO_PULLUP
PB2.Signal=GPIO_Output
PA4.Locked=true
NVIC.SysTick_IRQn=true\:0\:0\:false\:false\:true\:true\:true
RCC.PLLMUL=RCC_PLL_MUL5
PB0.GPIO_ModeDefaultEXTI=GPIO_MODE_IT_FALLING
ProjectManager.FirmwarePackage=STM32Cube FW_F0 V1.9.0
MxDb.Version=DB.5.0.10
PB0.GPIOParameters=GPIO_PuPd,GPIO_Label,GPIO_ModeDefaultEXTI
ProjectManager.BackupPrevious=false
PB1.GPIO_Label=LED
SPI1.DataSize=SPI_DATASIZE_8BIT
File.Version=6
PA10.GPIO_Label=TX_EN
PA0.Mode=INM
PB3.GPIOParameters=GPIO_Label
PB7.Signal=USART1_RX
PB8.Locked=true
PB6.Locked=true
NVIC.PendSV_IRQn=true\:0\:0\:false\:false\:false\:true\:false
SH.S_TIM3_CH1.0=TIM3_CH1,PWM Generation1 CH1
ProjectManager.HalAssertFull=false
PB0.Locked=true
ProjectManager.ProjectName=CortexM0+NrF905
PA0.Signal=COMP1_INM
RCC.PLLMCOFreq_Value=20000000
Mcu.Package=UFQFPN32
PB1.Signal=GPIO_Output
PA6.Signal=SPI1_MISO
RTC.AlarmMask=RTC_ALARMMASK_DATEWEEKDAY
ProjectManager.ToolChainLocation=
SH.GPXTI0.0=GPIO_EXTI0
VP_SYS_VS_Systick.Signal=SYS_VS_Systick
PA10.Signal=GPIO_Output
VP_RTC_VS_RTC_Calendar.Mode=RTC_Calendar
PA15.Signal=GPIO_Output
PB5.GPIO_Label=CH2
VP_COMP2_VS_VREFINT14.Mode=VREFINT_14
RCC.CECFreq_Value=32786.88524590164
RCC.APB1TimFreq_Value=40000000
PF1-OSC_OUT.Mode=HSE-External-Oscillator
SPI1.BaudRatePrescaler=SPI_BAUDRATEPRESCALER_16
PA4.GPIO_Label=SWITCH
RTC.Seconds_A=30
ProjectManager.CustomerFirmwarePackage=
PF1-OSC_OUT.Signal=RCC_OSC_OUT
NVIC.EXTI4_15_IRQn=true\:0\:0\:false\:false\:true\:true\:true
PB3.Locked=true
PB4.Signal=S_TIM3_CH1
PA3.Signal=COMP2_INP
PA5.Mode=Full_Duplex_Master
PA2.Locked=true
PB3.GPIO_Label=CH1
VP_RTC_VS_RTC_Activate.Signal=RTC_VS_RTC_Activate
RCC.PLLSourceVirtual=RCC_PLLSOURCE_HSE
RCC.I2SFreq_Value=40000000
ProjectManager.ProjectFileName=CortexM0+NrF905.ioc
VP_COMP2_VS_VREFINT14.Signal=COMP2_VS_VREFINT14
PB8.GPIOParameters=GPIO_Label
PA7.Mode=Full_Duplex_Master
Mcu.PinsNb=29
PA15.GPIOParameters=GPIO_Label
ProjectManager.NoMain=false
SPI1.IPParameters=Mode,CalculateBaudRate,BaudRatePrescaler,DataSize,NSSPMode,VirtualType,Direction
PA9.GPIO_Label=DATA_READY
SH.GPXTI0.ConfNb=1
PA11.GPIO_Label=PWRUP
ProjectManager.DefaultFWLocation=true
ProjectManager.DeletePrevious=true
COMP2.InvertingInput=COMP_INVERTINGINPUT_1_4VREFINT
PA12.GPIO_Label=TX_CE
RCC.FamilyName=M
USART1.VirtualMode-Asynchronous=VM_ASYNC
PA3.Mode=INP
PB8.GPIO_Label=CD
COMP2.IPParameters=InvertingInput,TriggerMode
PA15.Locked=true
PA11.Locked=true
ProjectManager.TargetToolchain=EWARM V7
RCC.HSIState=RCC_HSI_ON
PB2.GPIOParameters=GPIO_Label
PA9.Signal=GPXTI9
PB5.Locked=true
PA4.GPIO_ModeDefaultEXTI=GPIO_MODE_IT_FALLING
PA1.Signal=COMP1_INP
PB1.Locked=true
PF0-OSC_IN.Mode=HSE-External-Oscillator
PA5.Signal=SPI1_SCK
board=CortexM0+NrF905
ProjectManager.LastFirmware=true
RCC.VCOOutput2Freq_Value=8000000
PA1.Mode=INP
MxCube.Version=5.1.0
SPI1.Mode=SPI_MODE_MASTER
PA10.GPIOParameters=GPIO_Label
VP_SYS_VS_Systick.Mode=SysTick
TIM3.IPParameters=Channel-PWM Generation1 CH1
PA9.Locked=true
NVIC.NonMaskableInt_IRQn=true\:0\:0\:false\:false\:false\:true\:false
PA4.GPIOParameters=GPIO_PuPd,GPIO_Label,GPIO_ModeDefaultEXTI
ProjectManager.FreePins=false
RCC.IPParameters=AHBFreq_Value,APB1Freq_Value,APB1TimFreq_Value,CECFreq_Value,FCLKCortexFreq_Value,FamilyName,HCLKFreq_Value,HSICECFreq_Value,HSIState,I2SFreq_Value,MCOFreq_Value,PLLCLKFreq_Value,PLLMCOFreq_Value,PLLMUL,PLLSourceVirtual,SYSCLKFreq_VALUE,SYSCLKSource,TimSysFreq_Value,USART1Freq_Value,VCOOutput2Freq_Value
ProjectManager.AskForMigrate=true
Mcu.Name=STM32F051K6Ux
Mcu.Pin26=VP_RTC_VS_RTC_Calendar
Mcu.Pin27=VP_RTC_VS_RTC_Alarm_A_Intern
SPI1.NSSPMode=SPI_NSS_PULSE_DISABLE
PA2.Signal=COMP2_INM
Mcu.Pin24=VP_COMP2_VS_VREFINT14
ProjectManager.UnderRoot=false
Mcu.Pin25=VP_RTC_VS_RTC_Activate
PB2.Locked=true
Mcu.IP8=USART1
RCC.HSICECFreq_Value=32786.88524590164
Mcu.Pin28=VP_SYS_VS_Systick
Mcu.IP6=SYS
Mcu.IP7=TIM3
ProjectManager.CoupleFile=false
PB4.Locked=true
PB3.Signal=GPIO_Output
PA4.Signal=GPXTI4
RCC.SYSCLKFreq_VALUE=40000000
PB5.Signal=GPIO_Output
Mcu.Pin22=PB7
Mcu.Pin23=PB8
RCC.TimSysFreq_Value=40000000
PA1.Locked=true
Mcu.Pin20=PB5
PA3.Locked=true
Mcu.Pin21=PB6
SH.GPXTI4.0=GPIO_EXTI4
PA10.Locked=true
NVIC.ForceEnableDMAVector=true
KeepUserPlacement=false
VP_RTC_VS_RTC_Alarm_A_Intern.Signal=RTC_VS_RTC_Alarm_A_Intern
ProjectManager.CompilerOptimize=2
PB7.Mode=Asynchronous
PA11.Signal=GPIO_Output
SH.GPXTI9.ConfNb=1
PB2.GPIO_Label=PB2
ProjectManager.HeapSize=0x200
Mcu.Pin15=PA11
NVIC.HardFault_IRQn=true\:0\:0\:false\:false\:false\:true\:false
Mcu.Pin16=PA12
SH.GPXTI4.ConfNb=1
Mcu.Pin13=PA9
Mcu.Pin14=PA10
Mcu.Pin19=PB4
SH.S_TIM3_CH1.ConfNb=1
ProjectManager.ComputerToolchain=false
Mcu.Pin17=PA15
Mcu.Pin18=PB3
Mcu.Pin11=PB1
Mcu.Pin12=PB2
Mcu.Pin10=PB0
PB7.Locked=true
PB8.Signal=GPIO_Input
COMP2.TriggerMode=COMP_TRIGGERMODE_IT_RISING
PF0-OSC_IN.Signal=RCC_OSC_IN
RCC.APB1Freq_Value=40000000
PB0.Signal=GPXTI0
NVIC.ADC1_COMP_IRQn=true\:0\:0\:false\:false\:true\:false\:true
ProjectManager.DeviceId=STM32F051K6Ux
ProjectManager.LibraryCopy=0
PB0.GPIO_PuPd=GPIO_PULLUP
PB1.GPIOParameters=GPIO_Label
PA7.Signal=SPI1_MOSI
NVIC.EXTI0_1_IRQn=true\:0\:0\:false\:false\:true\:true\:true
